dependencies:
  '@babel/parser': 7.10.5
  '@babel/traverse': 7.10.5
devDependencies:
  '@egoist/prettier-config': 0.1.0
  esm: 3.2.25
  prettier: 2.0.5
  uvu: 0.2.2
lockfileVersion: 5.1
packages:
  /@babel/code-frame/7.10.4:
    dependencies:
      '@babel/highlight': 7.10.4
    dev: false
    resolution:
      integrity: sha1-Fo2ho26Q2miujUnA8bSMfGJJITo=
      tarball: '@babel/code-frame/download/@babel/code-frame-7.10.4.tgz'
  /@babel/generator/7.10.5:
    dependencies:
      '@babel/types': 7.10.5
      jsesc: 2.5.2
      source-map: 0.5.7
    dev: false
    resolution:
      integrity: sha1-G5A1VLyMWD7o0l8eiWlzLmuCmmk=
      tarball: '@babel/generator/download/@babel/generator-7.10.5.tgz?cache=0&sync_timestamp=1594796283846&other_urls=https%3A%2F%2Fregistry.npm.taobao.org%2F%40babel%2Fgenerator%2Fdownload%2F%40babel%2Fgenerator-7.10.5.tgz'
  /@babel/helper-function-name/7.10.4:
    dependencies:
      '@babel/helper-get-function-arity': 7.10.4
      '@babel/template': 7.10.4
      '@babel/types': 7.10.5
    dev: false
    resolution:
      integrity: sha1-0tOyDFmtjEcRL6fSqUvAnV74Lxo=
      tarball: '@babel/helper-function-name/download/@babel/helper-function-name-7.10.4.tgz'
  /@babel/helper-get-function-arity/7.10.4:
    dependencies:
      '@babel/types': 7.10.5
    dev: false
    resolution:
      integrity: sha1-mMHL6g4jMvM/mkZhuM4VBbLBm6I=
      tarball: '@babel/helper-get-function-arity/download/@babel/helper-get-function-arity-7.10.4.tgz'
  /@babel/helper-split-export-declaration/7.10.4:
    dependencies:
      '@babel/types': 7.10.5
    dev: false
    resolution:
      integrity: sha1-LHBXbqo7VgmyTLmdsoiMw/xCUdE=
      tarball: '@babel/helper-split-export-declaration/download/@babel/helper-split-export-declaration-7.10.4.tgz'
  /@babel/helper-validator-identifier/7.10.4:
    dev: false
    resolution:
      integrity: sha1-p4x6clHgH2FlEtMbEK3PUq2l4NI=
      tarball: '@babel/helper-validator-identifier/download/@babel/helper-validator-identifier-7.10.4.tgz'
  /@babel/highlight/7.10.4:
    dependencies:
      '@babel/helper-validator-identifier': 7.10.4
      chalk: 2.4.2
      js-tokens: 4.0.0
    dev: false
    resolution:
      integrity: sha1-fRvf1ldTU4+r5sOFls23bZrGAUM=
      tarball: '@babel/highlight/download/@babel/highlight-7.10.4.tgz'
  /@babel/parser/7.10.5:
    dev: false
    engines:
      node: '>=6.0.0'
    hasBin: true
    resolution:
      integrity: sha1-58a/Wn3v+VfOyfBLVR4nYpCdgms=
      tarball: '@babel/parser/download/@babel/parser-7.10.5.tgz?cache=0&sync_timestamp=1594796284324&other_urls=https%3A%2F%2Fregistry.npm.taobao.org%2F%40babel%2Fparser%2Fdownload%2F%40babel%2Fparser-7.10.5.tgz'
  /@babel/template/7.10.4:
    dependencies:
      '@babel/code-frame': 7.10.4
      '@babel/parser': 7.10.5
      '@babel/types': 7.10.5
    dev: false
    resolution:
      integrity: sha1-MlGZbEIA68cdGo/EBfupQPNrong=
      tarball: '@babel/template/download/@babel/template-7.10.4.tgz'
  /@babel/traverse/7.10.5:
    dependencies:
      '@babel/code-frame': 7.10.4
      '@babel/generator': 7.10.5
      '@babel/helper-function-name': 7.10.4
      '@babel/helper-split-export-declaration': 7.10.4
      '@babel/parser': 7.10.5
      '@babel/types': 7.10.5
      debug: 4.1.1
      globals: 11.12.0
      lodash: 4.17.19
    dev: false
    resolution:
      integrity: sha1-d85GT1sli+Jlr2GNj93wU28gtWQ=
      tarball: '@babel/traverse/download/@babel/traverse-7.10.5.tgz?cache=0&sync_timestamp=1594796284575&other_urls=https%3A%2F%2Fregistry.npm.taobao.org%2F%40babel%2Ftraverse%2Fdownload%2F%40babel%2Ftraverse-7.10.5.tgz'
  /@babel/types/7.10.5:
    dependencies:
      '@babel/helper-validator-identifier': 7.10.4
      lodash: 4.17.19
      to-fast-properties: 2.0.0
    dev: false
    resolution:
      integrity: sha1-2Irn4v3oa/v+hR1Nga+nCpl7XRU=
      tarball: '@babel/types/download/@babel/types-7.10.5.tgz?cache=0&sync_timestamp=1594796284948&other_urls=https%3A%2F%2Fregistry.npm.taobao.org%2F%40babel%2Ftypes%2Fdownload%2F%40babel%2Ftypes-7.10.5.tgz'
  /@egoist/prettier-config/0.1.0:
    dev: true
    resolution:
      integrity: sha512-BYeixvJcTY/jOgawCgFOBxYBPP0e1WQPiyZw98BsUEjSI5SbdAguRKodqcyT50wie+HGk1EuhGUzC3lfrKL4Vg==
  /ansi-styles/3.2.1:
    dependencies:
      color-convert: 1.9.3
    dev: false
    engines:
      node: '>=4'
    resolution:
      integrity: sha1-QfuyAkPlCxK+DwS43tvwdSDOhB0=
      tarball: ansi-styles/download/ansi-styles-3.2.1.tgz
  /chalk/2.4.2:
    dependencies:
      ansi-styles: 3.2.1
      escape-string-regexp: 1.0.5
      supports-color: 5.5.0
    dev: false
    engines:
      node: '>=4'
    resolution:
      integrity: sha1-zUJUFnelQzPPVBpJEIwUMrRMlCQ=
      tarball: chalk/download/chalk-2.4.2.tgz?cache=0&sync_timestamp=1591687475829&other_urls=https%3A%2F%2Fregistry.npm.taobao.org%2Fchalk%2Fdownload%2Fchalk-2.4.2.tgz
  /color-convert/1.9.3:
    dependencies:
      color-name: 1.1.3
    dev: false
    resolution:
      integrity: sha1-u3GFBpDh8TZWfeYp0tVHHe2kweg=
      tarball: color-convert/download/color-convert-1.9.3.tgz
  /color-name/1.1.3:
    dev: false
    resolution:
      integrity: sha1-p9BVi9icQveV3UIyj3QIMcpTvCU=
      tarball: color-name/download/color-name-1.1.3.tgz
  /debug/4.1.1:
    dependencies:
      ms: 2.1.2
    dev: false
    resolution:
      integrity: sha1-O3ImAlUQnGtYnO4FDx1RYTlmR5E=
      tarball: debug/download/debug-4.1.1.tgz?cache=0&sync_timestamp=1589893678820&other_urls=https%3A%2F%2Fregistry.npm.taobao.org%2Fdebug%2Fdownload%2Fdebug-4.1.1.tgz
  /dequal/1.0.0:
    dev: true
    engines:
      node: '>=6'
    resolution:
      integrity: sha1-QcYGXnDec4VByCzb7epSkid6AX4=
      tarball: dequal/download/dequal-1.0.0.tgz
  /diff/4.0.2:
    dev: true
    engines:
      node: '>=0.3.1'
    resolution:
      integrity: sha1-YPOuy4nV+uUgwRqhnvwruYKq3n0=
      tarball: diff/download/diff-4.0.2.tgz?cache=0&sync_timestamp=1579448181534&other_urls=https%3A%2F%2Fregistry.npm.taobao.org%2Fdiff%2Fdownload%2Fdiff-4.0.2.tgz
  /escape-string-regexp/1.0.5:
    dev: false
    engines:
      node: '>=0.8.0'
    resolution:
      integrity: sha1-G2HAViGQqN/2rjuyzwIAyhMLhtQ=
      tarball: escape-string-regexp/download/escape-string-regexp-1.0.5.tgz
  /esm/3.2.25:
    dev: true
    engines:
      node: '>=6'
    resolution:
      integrity: sha512-U1suiZ2oDVWv4zPO56S0NcR5QriEahGtdN2OR6FiOG4WJvcjBVFB0qI4+eKoWFH483PKGuLuu6V8Z4T5g63UVA==
  /globals/11.12.0:
    dev: false
    engines:
      node: '>=4'
    resolution:
      integrity: sha1-q4eVM4hooLq9hSV1gBjCp+uVxC4=
      tarball: globals/download/globals-11.12.0.tgz
  /has-flag/3.0.0:
    dev: false
    engines:
      node: '>=4'
    resolution:
      integrity: sha1-tdRU3CGZriJWmfNGfloH87lVuv0=
      tarball: has-flag/download/has-flag-3.0.0.tgz
  /js-tokens/4.0.0:
    dev: false
    resolution:
      integrity: sha1-GSA/tZmR35jjoocFDUZHzerzJJk=
      tarball: js-tokens/download/js-tokens-4.0.0.tgz
  /jsesc/2.5.2:
    dev: false
    engines:
      node: '>=4'
    hasBin: true
    resolution:
      integrity: sha1-gFZNLkg9rPbo7yCWUKZ98/DCg6Q=
      tarball: jsesc/download/jsesc-2.5.2.tgz
  /kleur/4.0.2:
    dev: true
    engines:
      node: '>=6'
    resolution:
      integrity: sha1-V7NsxSNWAfgkwz5uRdsQzVST2/U=
      tarball: kleur/download/kleur-4.0.2.tgz
  /lodash/4.17.19:
    dev: false
    resolution:
      integrity: sha1-5I3e2+MLMyF4PFtDAfvTU7weSks=
      tarball: lodash/download/lodash-4.17.19.tgz?cache=0&sync_timestamp=1594254920720&other_urls=https%3A%2F%2Fregistry.npm.taobao.org%2Flodash%2Fdownload%2Flodash-4.17.19.tgz
  /mri/1.1.6:
    dev: true
    engines:
      node: '>=4'
    resolution:
      integrity: sha1-SZUuEETbIdv5D2zZK8nJp3fUFaY=
      tarball: mri/download/mri-1.1.6.tgz
  /ms/2.1.2:
    dev: false
    resolution:
      integrity: sha1-0J0fNXtEP0kzgqjrPM0YOHKuYAk=
      tarball: ms/download/ms-2.1.2.tgz
  /prettier/2.0.5:
    dev: true
    engines:
      node: '>=10.13.0'
    hasBin: true
    resolution:
      integrity: sha512-7PtVymN48hGcO4fGjybyBSIWDsLU4H4XlvOHfq91pz9kkGlonzwTfYkaIEwiRg/dAJF9YlbsduBAgtYLi+8cFg==
  /sade/1.7.3:
    dependencies:
      mri: 1.1.6
    dev: true
    engines:
      node: '>= 6'
    resolution:
      integrity: sha1-ohfMxPtKuy0nFki/SPZiiyY2+hs=
      tarball: sade/download/sade-1.7.3.tgz
  /source-map/0.5.7:
    dev: false
    engines:
      node: '>=0.10.0'
    resolution:
      integrity: sha1-igOdLRAh0i0eoUyA2OpGi6LvP8w=
      tarball: source-map/download/source-map-0.5.7.tgz
  /supports-color/5.5.0:
    dependencies:
      has-flag: 3.0.0
    dev: false
    engines:
      node: '>=4'
    resolution:
      integrity: sha1-4uaaRKyHcveKHsCzW2id9lMO/I8=
      tarball: supports-color/download/supports-color-5.5.0.tgz
  /to-fast-properties/2.0.0:
    dev: false
    engines:
      node: '>=4'
    resolution:
      integrity: sha1-3F5pjL0HkmW8c+A3doGk5Og/YW4=
      tarball: to-fast-properties/download/to-fast-properties-2.0.0.tgz
  /totalist/1.1.0:
    dev: true
    engines:
      node: '>=6'
    resolution:
      integrity: sha1-pNZaPlRlF3AePlw3pHpwrJf+Vt8=
      tarball: totalist/download/totalist-1.1.0.tgz
  /uvu/0.2.2:
    dependencies:
      dequal: 1.0.0
      diff: 4.0.2
      kleur: 4.0.2
      sade: 1.7.3
      totalist: 1.1.0
    dev: true
    engines:
      node: '>=8'
    hasBin: true
    resolution:
      integrity: sha1-1Zr/m6gxba7xOHP3IHjlbddFRXg=
      tarball: uvu/download/uvu-0.2.2.tgz
specifiers:
  '@babel/parser': ^7.10.5
  '@babel/traverse': ^7.10.5
  '@egoist/prettier-config': ^0.1.0
  esm: ^3.2.25
  prettier: ^2.0.5
  uvu: ^0.2.2
